// !$*UTF8*$!
{
	archiveVersion = 1;
	classes = {
	};
	objectVersion = 77;
	objects = {

/* Begin PBXContainerItemProxy section */
		CADF2B212CA9CD86000DC163 /* PBXContainerItemProxy */ = {
			isa = PBXContainerItemProxy;
			containerPortal = CADF2B082CA9CD85000DC163 /* Project object */;
			proxyType = 1;
			remoteGlobalIDString = CADF2B0F2CA9CD85000DC163;
			remoteInfo = SoberSafe;
		};
		CADF2B2B2CA9CD86000DC163 /* PBXContainerItemProxy */ = {
			isa = PBXContainerItemProxy;
			containerPortal = CADF2B082CA9CD85000DC163 /* Project object */;
			proxyType = 1;
			remoteGlobalIDString = CADF2B0F2CA9CD85000DC163;
			remoteInfo = SoberSafe;
		};
/* End PBXContainerItemProxy section */

/* Begin PBXFileReference section */
		CADF2B102CA9CD85000DC163 /* SoberSafe.app */ = {isa = PBXFileReference; explicitFileType = wrapper.application; includeInIndex = 0; path = SoberSafe.app; sourceTree = BUILT_PRODUCTS_DIR; };
		CADF2B202CA9CD86000DC163 /* SoberSafeTests.xctest */ = {isa = PBXFileReference; explicitFileType = wrapper.cfbundle; includeInIndex = 0; path = SoberSafeTests.xctest; sourceTree = BUILT_PRODUCTS_DIR; };
		CADF2B2A2CA9CD86000DC163 /* SoberSafeUITests.xctest */ = {isa = PBXFileReference; explicitFileType = wrapper.cfbundle; includeInIndex = 0; path = SoberSafeUITests.xctest; sourceTree = BUILT_PRODUCTS_DIR; };
/* End PBXFileReference section */

/* Begin PBXFileSystemSynchronizedRootGroup section */
		CADF2B122CA9CD85000DC163 /* SoberSafe */ = {
			isa = PBXFileSystemSynchronizedRootGroup;
			path = SoberSafe;
			sourceTree = "<group>";
		};
		CADF2B232CA9CD86000DC163 /* SoberSafeTests */ = {
			isa = PBXFileSystemSynchronizedRootGroup;
			path = SoberSafeTests;
			sourceTree = "<group>";
		};
		CADF2B2D2CA9CD86000DC163 /* SoberSafeUITests */ = {
			isa = PBXFileSystemSynchronizedRootGroup;
			path = SoberSafeUITests;
			sourceTree = "<group>";
		};
/* End PBXFileSystemSynchronizedRootGroup section */

/* Begin PBXFrameworksBuildPhase section */
		CADF2B0D2CA9CD85000DC163 /* Frameworks */ = {
			isa = PBXFrameworksBuildPhase;
			buildActionMask = 2147483647;
			files = (
			);
			runOnlyForDeploymentPostprocessing = 0;
		};
		CADF2B1D2CA9CD86000DC163 /* Frameworks */ = {
			isa = PBXFrameworksBuildPhase;
			buildActionMask = 2147483647;
			files = (
			);
			runOnlyForDeploymentPostprocessing = 0;
		};
		CADF2B272CA9CD86000DC163 /* Frameworks */ = {
			isa = PBXFrameworksBuildPhase;
			buildActionMask = 2147483647;
			files = (
			);
			runOnlyForDeploymentPostprocessing = 0;
		};
/* End PBXFrameworksBuildPhase section */

/* Begin PBXGroup section */
		CADF2B072CA9CD85000DC163 = {
			isa = PBXGroup;
			children = (
				CADF2B122CA9CD85000DC163 /* SoberSafe */,
				CADF2B232CA9CD86000DC163 /* SoberSafeTests */,
				CADF2B2D2CA9CD86000DC163 /* SoberSafeUITests */,
				CADF2B112CA9CD85000DC163 /* Products */,
			);
			sourceTree = "<group>";
		};
		CADF2B112CA9CD85000DC163 /* Products */ = {
			isa = PBXGroup;
			children = (
				CADF2B102CA9CD85000DC163 /* SoberSafe.app */,
				CADF2B202CA9CD86000DC163 /* SoberSafeTests.xctest */,
				CADF2B2A2CA9CD86000DC163 /* SoberSafeUITests.xctest */,
			);
			name = Products;
			sourceTree = "<group>";
		};
/* End PBXGroup section */

/* Begin PBXNativeTarget section */
		CADF2B0F2CA9CD85000DC163 /* SoberSafe */ = {
			isa = PBXNativeTarget;
			buildConfigurationList = CADF2B342CA9CD86000DC163 /* Build configuration list for PBXNativeTarget "SoberSafe" */;
			buildPhases = (
				CADF2B0C2CA9CD85000DC163 /* Sources */,
				CADF2B0D2CA9CD85000DC163 /* Frameworks */,
				CADF2B0E2CA9CD85000DC163 /* Resources */,
			);
			buildRules = (
			);
			dependencies = (
			);
			fileSystemSynchronizedGroups = (
				CADF2B122CA9CD85000DC163 /* SoberSafe */,
			);
			name = SoberSafe;
			packageProductDependencies = (
			);
			productName = SoberSafe;
			productReference = CADF2B102CA9CD85000DC163 /* SoberSafe.app */;
			productType = "com.apple.product-type.application";
		};
		CADF2B1F2CA9CD86000DC163 /* SoberSafeTests */ = {
			isa = PBXNativeTarget;
			buildConfigurationList = CADF2B372CA9CD86000DC163 /* Build configuration list for PBXNativeTarget "SoberSafeTests" */;
			buildPhases = (
				CADF2B1C2CA9CD86000DC163 /* Sources */,
				CADF2B1D2CA9CD86000DC163 /* Frameworks */,
				CADF2B1E2CA9CD86000DC163 /* Resources */,
			);
			buildRules = (
			);
			dependencies = (
				CADF2B222CA9CD86000DC163 /* PBXTargetDependency */,
			);
			fileSystemSynchronizedGroups = (
				CADF2B232CA9CD86000DC163 /* SoberSafeTests */,
			);
			name = SoberSafeTests;
			packageProductDependencies = (
			);
			productName = SoberSafeTests;
			productReference = CADF2B202CA9CD86000DC163 /* SoberSafeTests.xctest */;
			productType = "com.apple.product-type.bundle.unit-test";
		};
		CADF2B292CA9CD86000DC163 /* SoberSafeUITests */ = {
			isa = PBXNativeTarget;
			buildConfigurationList = CADF2B3A2CA9CD86000DC163 /* Build configuration list for PBXNativeTarget "SoberSafeUITests" */;
			buildPhases = (
				CADF2B262CA9CD86000DC163 /* Sources */,
				CADF2B272CA9CD86000DC163 /* Frameworks */,
				CADF2B282CA9CD86000DC163 /* Resources */,
			);
			buildRules = (
			);
			dependencies = (
				CADF2B2C2CA9CD86000DC163 /* PBXTargetDependency */,
			);
			fileSystemSynchronizedGroups = (
				CADF2B2D2CA9CD86000DC163 /* SoberSafeUITests */,
			);
			name = SoberSafeUITests;
			packageProductDependencies = (
			);
			productName = SoberSafeUITests;
			productReference = CADF2B2A2CA9CD86000DC163 /* SoberSafeUITests.xctest */;
			productType = "com.apple.product-type.bundle.ui-testing";
		};
/* End PBXNativeTarget section */

/* Begin PBXProject section */
		CADF2B082CA9CD85000DC163 /* Project object */ = {
			isa = PBXProject;
			attributes = {
				BuildIndependentTargetsInParallel = 1;
				LastSwiftUpdateCheck = 1600;
				LastUpgradeCheck = 1600;
				TargetAttributes = {
					CADF2B0F2CA9CD85000DC163 = {
						CreatedOnToolsVersion = 16.0;
					};
					CADF2B1F2CA9CD86000DC163 = {
						CreatedOnToolsVersion = 16.0;
						TestTargetID = CADF2B0F2CA9CD85000DC163;
					};
					CADF2B292CA9CD86000DC163 = {
						CreatedOnToolsVersion = 16.0;
						TestTargetID = CADF2B0F2CA9CD85000DC163;
					};
				};
			};
			buildConfigurationList = CADF2B0B2CA9CD85000DC163 /* Build configuration list for PBXProject "SoberSafe" */;
			developmentRegion = en;
			hasScannedForEncodings = 0;
			knownRegions = (
				en,
				Base,
			);
			mainGroup = CADF2B072CA9CD85000DC163;
			minimizedProjectReferenceProxies = 1;
			preferredProjectObjectVersion = 77;
			productRefGroup = CADF2B112CA9CD85000DC163 /* Products */;
			projectDirPath = "";
			projectRoot = "";
			targets = (
				CADF2B0F2CA9CD85000DC163 /* SoberSafe */,
				CADF2B1F2CA9CD86000DC163 /* SoberSafeTests */,
				CADF2B292CA9CD86000DC163 /* SoberSafeUITests */,
			);
		};
/* End PBXProject section */

/* Begin PBXResourcesBuildPhase section */
		CADF2B0E2CA9CD85000DC163 /* Resources */ = {
			isa = PBXResourcesBuildPhase;
			buildActionMask = 2147483647;
			files = (
			);
			runOnlyForDeploymentPostprocessing = 0;
		};
		CADF2B1E2CA9CD86000DC163 /* Resources */ = {
			isa = PBXResourcesBuildPhase;
			buildActionMask = 2147483647;
			files = (
			);
			runOnlyForDeploymentPostprocessing = 0;
		};
		CADF2B282CA9CD86000DC163 /* Resources */ = {
			isa = PBXResourcesBuildPhase;
			buildActionMask = 2147483647;
			files = (
			);
			runOnlyForDeploymentPostprocessing = 0;
		};
/* End PBXResourcesBuildPhase section */

/* Begin PBXSourcesBuildPhase section */
		CADF2B0C2CA9CD85000DC163 /* Sources */ = {
			isa = PBXSourcesBuildPhase;
			buildActionMask = 2147483647;
			files = (
			);
			runOnlyForDeploymentPostprocessing = 0;
		};
		CADF2B1C2CA9CD86000DC163 /* Sources */ = {
			isa = PBXSourcesBuildPhase;
			buildActionMask = 2147483647;
			files = (
			);
			runOnlyForDeploymentPostprocessing = 0;
		};
		CADF2B262CA9CD86000DC163 /* Sources */ = {
			isa = PBXSourcesBuildPhase;
			buildActionMask = 2147483647;
			files = (
			);
			runOnlyForDeploymentPostprocessing = 0;
		};
/* End PBXSourcesBuildPhase section */

/* Begin PBXTargetDependency section */
		CADF2B222CA9CD86000DC163 /* PBXTargetDependency */ = {
			isa = PBXTargetDependency;
			target = CADF2B0F2CA9CD85000DC163 /* SoberSafe */;
			targetProxy = CADF2B212CA9CD86000DC163 /* PBXContainerItemProxy */;
		};
		CADF2B2C2CA9CD86000DC163 /* PBXTargetDependency */ = {
			isa = PBXTargetDependency;
			target = CADF2B0F2CA9CD85000DC163 /* SoberSafe */;
			targetProxy = CADF2B2B2CA9CD86000DC163 /* PBXContainerItemProxy */;
		};
/* End PBXTargetDependency section */

/* Begin XCBuildConfiguration section */
		CADF2B322CA9CD86000DC163 /* Debug */ = {
			isa = XCBuildConfiguration;
			buildSettings = {
				ALWAYS_SEARCH_USER_PATHS = NO;
				ASSETCATALOG_COMPILER_GENERATE_SWIFT_ASSET_SYMBOL_EXTENSIONS = YES;
				CLANG_ANALYZER_NONNULL = YES;
				CLANG_ANALYZER_NUMBER_OBJECT_CONVERSION = YES_AGGRESSIVE;
				CLANG_CXX_LANGUAGE_STANDARD = "gnu++20";
				CLANG_ENABLE_MODULES = YES;
				CLANG_ENABLE_OBJC_ARC = YES;
				CLANG_ENABLE_OBJC_WEAK = YES;
				CLANG_WARN_BLOCK_CAPTURE_AUTORELEASING = YES;
				CLANG_WARN_BOOL_CONVERSION = YES;
				CLANG_WARN_COMMA = YES;
				CLANG_WARN_CONSTANT_CONVERSION = YES;
				CLANG_WARN_DEPRECATED_OBJC_IMPLEMENTATIONS = YES;
				CLANG_WARN_DIRECT_OBJC_ISA_USAGE = YES_ERROR;
				CLANG_WARN_DOCUMENTATION_COMMENTS = YES;
				CLANG_WARN_EMPTY_BODY = YES;
				CLANG_WARN_ENUM_CONVERSION = YES;
				CLANG_WARN_INFINITE_RECURSION = YES;
				CLANG_WARN_INT_CONVERSION = YES;
				CLANG_WARN_NON_LITERAL_NULL_CONVERSION = YES;
				CLANG_WARN_OBJC_IMPLICIT_RETAIN_SELF = YES;
				CLANG_WARN_OBJC_LITERAL_CONVERSION = YES;
				CLANG_WARN_OBJC_ROOT_CLASS = YES_ERROR;
				CLANG_WARN_QUOTED_INCLUDE_IN_FRAMEWORK_HEADER = YES;
				CLANG_WARN_RANGE_LOOP_ANALYSIS = YES;
				CLANG_WARN_STRICT_PROTOTYPES = YES;
				CLANG_WARN_SUSPICIOUS_MOVE = YES;
				CLANG_WARN_UNGUARDED_AVAILABILITY = YES_AGGRESSIVE;
				CLANG_WARN_UNREACHABLE_CODE = YES;
				CLANG_WARN__DUPLICATE_METHOD_MATCH = YES;
				COPY_PHASE_STRIP = NO;
				DEBUG_INFORMATION_FORMAT = dwarf;
				ENABLE_STRICT_OBJC_MSGSEND = YES;
				ENABLE_TESTABILITY = YES;
				ENABLE_USER_SCRIPT_SANDBOXING = YES;
				GCC_C_LANGUAGE_STANDARD = gnu17;
				GCC_DYNAMIC_NO_PIC = NO;
				GCC_NO_COMMON_BLOCKS = YES;
				GCC_OPTIMIZATION_LEVEL = 0;
				GCC_PREPROCESSOR_DEFINITIONS = (
					"DEBUG=1",
					"$(inherited)",
				);
				GCC_WARN_64_TO_32_BIT_CONVERSION = YES;
				GCC_WARN_ABOUT_RETURN_TYPE = YES_ERROR;
				GCC_WARN_UNDECLARED_SELECTOR = YES;
				GCC_WARN_UNINITIALIZED_AUTOS = YES_AGGRESSIVE;
				GCC_WARN_UNUSED_FUNCTION = YES;
				GCC_WARN_UNUSED_VARIABLE = YES;
				IPHONEOS_DEPLOYMENT_TARGET = 18.0;
				LOCALIZATION_PREFERS_STRING_CATALOGS = YES;
				MTL_ENABLE_DEBUG_INFO = INCLUDE_SOURCE;
				MTL_FAST_MATH = YES;
				ONLY_ACTIVE_ARCH = YES;
				SDKROOT = iphoneos;
				SWIFT_ACTIVE_COMPILATION_CONDITIONS = "DEBUG $(inherited)";
				SWIFT_OPTIMIZATION_LEVEL = "-Onone";
			};
			name = Debug;
		};
		CADF2B332CA9CD86000DC163 /* Release */ = {
			isa = XCBuildConfiguration;
			buildSettings = {
				ALWAYS_SEARCH_USER_PATHS = NO;
				ASSETCATALOG_COMPILER_GENERATE_SWIFT_ASSET_SYMBOL_EXTENSIONS = YES;
				CLANG_ANALYZER_NONNULL = YES;
				CLANG_ANALYZER_NUMBER_OBJECT_CONVERSION = YES_AGGRESSIVE;
				CLANG_CXX_LANGUAGE_STANDARD = "gnu++20";
				CLANG_ENABLE_MODULES = YES;
				CLANG_ENABLE_OBJC_ARC = YES;
				CLANG_ENABLE_OBJC_WEAK = YES;
				CLANG_WARN_BLOCK_CAPTURE_AUTORELEASING = YES;
				CLANG_WARN_BOOL_CONVERSION = YES;
				CLANG_WARN_COMMA = YES;
				CLANG_WARN_CONSTANT_CONVERSION = YES;
				CLANG_WARN_DEPRECATED_OBJC_IMPLEMENTATIONS = YES;
				CLANG_WARN_DIRECT_OBJC_ISA_USAGE = YES_ERROR;
				CLANG_WARN_DOCUMENTATION_COMMENTS = YES;
				CLANG_WARN_EMPTY_BODY = YES;
				CLANG_WARN_ENUM_CONVERSION = YES;
				CLANG_WARN_INFINITE_RECURSION = YES;
				CLANG_WARN_INT_CONVERSION = YES;
				CLANG_WARN_NON_LITERAL_NULL_CONVERSION = YES;
				CLANG_WARN_OBJC_IMPLICIT_RETAIN_SELF = YES;
				CLANG_WARN_OBJC_LITERAL_CONVERSION = YES;
				CLANG_WARN_OBJC_ROOT_CLASS = YES_ERROR;
				CLANG_WARN_QUOTED_INCLUDE_IN_FRAMEWORK_HEADER = YES;
				CLANG_WARN_RANGE_LOOP_ANALYSIS = YES;
				CLANG_WARN_STRICT_PROTOTYPES = YES;
				CLANG_WARN_SUSPICIOUS_MOVE = YES;
				CLANG_WARN_UNGUARDED_AVAILABILITY = YES_AGGRESSIVE;
				CLANG_WARN_UNREACHABLE_CODE = YES;
				CLANG_WARN__DUPLICATE_METHOD_MATCH = YES;
				COPY_PHASE_STRIP = NO;
				DEBUG_INFORMATION_FORMAT = "dwarf-with-dsym";
				ENABLE_NS_ASSERTIONS = NO;
				ENABLE_STRICT_OBJC_MSGSEND = YES;
				ENABLE_USER_SCRIPT_SANDBOXING = YES;
				GCC_C_LANGUAGE_STANDARD = gnu17;
				GCC_NO_COMMON_BLOCKS = YES;
				GCC_WARN_64_TO_32_BIT_CONVERSION = YES;
				GCC_WARN_ABOUT_RETURN_TYPE = YES_ERROR;
				GCC_WARN_UNDECLARED_SELECTOR = YES;
				GCC_WARN_UNINITIALIZED_AUTOS = YES_AGGRESSIVE;
				GCC_WARN_UNUSED_FUNCTION = YES;
				GCC_WARN_UNUSED_VARIABLE = YES;
				IPHONEOS_DEPLOYMENT_TARGET = 18.0;
				LOCALIZATION_PREFERS_STRING_CATALOGS = YES;
				MTL_ENABLE_DEBUG_INFO = NO;
				MTL_FAST_MATH = YES;
				SDKROOT = iphoneos;
				SWIFT_COMPILATION_MODE = wholemodule;
				VALIDATE_PRODUCT = YES;
			};
			name = Release;
		};
		CADF2B352CA9CD86000DC163 /* Debug */ = {
			isa = XCBuildConfiguration;
			buildSettings = {
				ASSETCATALOG_COMPILER_APPICON_NAME = AppIcon;
				ASSETCATALOG_COMPILER_GLOBAL_ACCENT_COLOR_NAME = AccentColor;
				CODE_SIGN_STYLE = Automatic;
				CURRENT_PROJECT_VERSION = 1;
				DEVELOPMENT_ASSET_PATHS = "\"SoberSafe/Preview Content\"";
				DEVELOPMENT_TEAM = 3K9SGR4B3Z;
				ENABLE_PREVIEWS = YES;
				GENERATE_INFOPLIST_FILE = YES;
				INFOPLIST_KEY_UIApplicationSceneManifest_Generation = YES;
				INFOPLIST_KEY_UIApplicationSupportsIndirectInputEvents = YES;
				INFOPLIST_KEY_UILaunchScreen_Generation = YES;
				INFOPLIST_KEY_UISupportedInterfaceOrientations_iPad = "UIInterfaceOrientationPortrait UIInterfaceOrientationPortraitUpsideDown UIInterfaceOrientationLandscapeLeft UIInterfaceOrientationLandscapeRight";
				INFOPLIST_KEY_UISupportedInterfaceOrientations_iPhone = "UIInterfaceOrientationPortrait UIInterfaceOrientationLandscapeLeft UIInterfaceOrientationLandscapeRight";
				LD_RUNPATH_SEARCH_PATHS = (
					"$(inherited)",
					"@executable_path/Frameworks",
				);
				MARKETING_VERSION = 1.0;
				PRODUCT_BUNDLE_IDENTIFIER = com.vishnupillai.SoberSafe;
				PRODUCT_NAME = "$(TARGET_NAME)";
				SWIFT_EMIT_LOC_STRINGS = YES;
				SWIFT_VERSION = 5.0;
				TARGETED_DEVICE_FAMILY = "1,2";
			};
			name = Debug;
		};
		CADF2B362CA9CD86000DC163 /* Release */ = {
			isa = XCBuildConfiguration;
			buildSettings = {
				ASSETCATALOG_COMPILER_APPICON_NAME = AppIcon;
				ASSETCATALOG_COMPILER_GLOBAL_ACCENT_COLOR_NAME = AccentColor;
				CODE_SIGN_STYLE = Automatic;
				CURRENT_PROJECT_VERSION = 1;
				DEVELOPMENT_ASSET_PATHS = "\"SoberSafe/Preview Content\"";
				DEVELOPMENT_TEAM = 3K9SGR4B3Z;
				ENABLE_PREVIEWS = YES;
				GENERATE_INFOPLIST_FILE = YES;
				INFOPLIST_KEY_UIApplicationSceneManifest_Generation = YES;
				INFOPLIST_KEY_UIApplicationSupportsIndirectInputEvents = YES;
				INFOPLIST_KEY_UILaunchScreen_Generation = YES;
				INFOPLIST_KEY_UISupportedInterfaceOrientations_iPad = "UIInterfaceOrientationPortrait UIInterfaceOrientationPortraitUpsideDown UIInterfaceOrientationLandscapeLeft UIInterfaceOrientationLandscapeRight";
				INFOPLIST_KEY_UISupportedInterfaceOrientations_iPhone = "UIInterfaceOrientationPortrait UIInterfaceOrientationLandscapeLeft UIInterfaceOrientationLandscapeRight";
				LD_RUNPATH_SEARCH_PATHS = (
					"$(inherited)",
					"@executable_path/Frameworks",
				);
				MARKETING_VERSION = 1.0;
				PRODUCT_BUNDLE_IDENTIFIER = com.vishnupillai.SoberSafe;
				PRODUCT_NAME = "$(TARGET_NAME)";
				SWIFT_EMIT_LOC_STRINGS = YES;
				SWIFT_VERSION = 5.0;
				TARGETED_DEVICE_FAMILY = "1,2";
			};
			name = Release;
		};
		CADF2B382CA9CD86000DC163 /* Debug */ = {
			isa = XCBuildConfiguration;
			buildSettings = {
				BUNDLE_LOADER = "$(TEST_HOST)";
				CODE_SIGN_STYLE = Automatic;
				CURRENT_PROJECT_VERSION = 1;
				DEVELOPMENT_TEAM = 3K9SGR4B3Z;
				GENERATE_INFOPLIST_FILE = YES;
				IPHONEOS_DEPLOYMENT_TARGET = 18.0;
				MARKETING_VERSION = 1.0;
				PRODUCT_BUNDLE_IDENTIFIER = com.vishnupillai.SoberSafeTests;
				PRODUCT_NAME = "$(TARGET_NAME)";
				SWIFT_EMIT_LOC_STRINGS = NO;
				SWIFT_VERSION = 5.0;
				TARGETED_DEVICE_FAMILY = "1,2";
				TEST_HOST = "$(BUILT_PRODUCTS_DIR)/SoberSafe.app/$(BUNDLE_EXECUTABLE_FOLDER_PATH)/SoberSafe";
			};
			name = Debug;
		};
		CADF2B392CA9CD86000DC163 /* Release */ = {
			isa = XCBuildConfiguration;
			buildSettings = {
				BUNDLE_LOADER = "$(TEST_HOST)";
				CODE_SIGN_STYLE = Automatic;
				CURRENT_PROJECT_VERSION = 1;
				DEVELOPMENT_TEAM = 3K9SGR4B3Z;
				GENERATE_INFOPLIST_FILE = YES;
				IPHONEOS_DEPLOYMENT_TARGET = 18.0;
				MARKETING_VERSION = 1.0;
				PRODUCT_BUNDLE_IDENTIFIER = com.vishnupillai.SoberSafeTests;
				PRODUCT_NAME = "$(TARGET_NAME)";
				SWIFT_EMIT_LOC_STRINGS = NO;
				SWIFT_VERSION = 5.0;
				TARGETED_DEVICE_FAMILY = "1,2";
				TEST_HOST = "$(BUILT_PRODUCTS_DIR)/SoberSafe.app/$(BUNDLE_EXECUTABLE_FOLDER_PATH)/SoberSafe";
			};
			name = Release;
		};
		CADF2B3B2CA9CD86000DC163 /* Debug */ = {
			isa = XCBuildConfiguration;
			buildSettings = {
				CODE_SIGN_STYLE = Automatic;
				CURRENT_PROJECT_VERSION = 1;
				DEVELOPMENT_TEAM = 3K9SGR4B3Z;
				GENERATE_INFOPLIST_FILE = YES;
				MARKETING_VERSION = 1.0;
				PRODUCT_BUNDLE_IDENTIFIER = com.vishnupillai.SoberSafeUITests;
				PRODUCT_NAME = "$(TARGET_NAME)";
				SWIFT_EMIT_LOC_STRINGS = NO;
				SWIFT_VERSION = 5.0;
				TARGETED_DEVICE_FAMILY = "1,2";
				TEST_TARGET_NAME = SoberSafe;
			};
			name = Debug;
		};
		CADF2B3C2CA9CD86000DC163 /* Release */ = {
			isa = XCBuildConfiguration;
			buildSettings = {
				CODE_SIGN_STYLE = Automatic;
				CURRENT_PROJECT_VERSION = 1;
				DEVELOPMENT_TEAM = 3K9SGR4B3Z;
				GENERATE_INFOPLIST_FILE = YES;
				MARKETING_VERSION = 1.0;
				PRODUCT_BUNDLE_IDENTIFIER = com.vishnupillai.SoberSafeUITests;
				PRODUCT_NAME = "$(TARGET_NAME)";
				SWIFT_EMIT_LOC_STRINGS = NO;
				SWIFT_VERSION = 5.0;
				TARGETED_DEVICE_FAMILY = "1,2";
				TEST_TARGET_NAME = SoberSafe;
			};
			name = Release;
		};
/* End XCBuildConfiguration section */

/* Begin XCConfigurationList section */
		CADF2B0B2CA9CD85000DC163 /* Build configuration list for PBXProject "SoberSafe" */ = {
			isa = XCConfigurationList;
			buildConfigurations = (
				CADF2B322CA9CD86000DC163 /* Debug */,
				CADF2B332CA9CD86000DC163 /* Release */,
			);
			defaultConfigurationIsVisible = 0;
			defaultConfigurationName = Release;
		};
		CADF2B342CA9CD86000DC163 /* Build configuration list for PBXNativeTarget "SoberSafe" */ = {
			isa = XCConfigurationList;
			buildConfigurations = (
				CADF2B352CA9CD86000DC163 /* Debug */,
				CADF2B362CA9CD86000DC163 /* Release */,
			);
			defaultConfigurationIsVisible = 0;
			defaultConfigurationName = Release;
		};
		CADF2B372CA9CD86000DC163 /* Build configuration list for PBXNativeTarget "SoberSafeTests" */ = {
			isa = XCConfigurationList;
			buildConfigurations = (
				CADF2B382CA9CD86000DC163 /* Debug */,
				CADF2B392CA9CD86000DC163 /* Release */,
			);
			defaultConfigurationIsVisible = 0;
			defaultConfigurationName = Release;
		};
		CADF2B3A2CA9CD86000DC163 /* Build configuration list for PBXNativeTarget "SoberSafeUITests" */ = {
			isa = XCConfigurationList;
			buildConfigurations = (
				CADF2B3B2CA9CD86000DC163 /* Debug */,
				CADF2B3C2CA9CD86000DC163 /* Release */,
			);
			defaultConfigurationIsVisible = 0;
			defaultConfigurationName = Release;
		};
/* End XCConfigurationList section */
	};
	rootObject = CADF2B082CA9CD85000DC163 /* Project object */;
}
